{
    "_readme": [
        "This file locks the dependencies of your project to a known state",
        "Read more about it at https://getcomposer.org/doc/01-basic-usage.md#installing-dependencies",
        "This file is @generated automatically"
    ],
    "content-hash": "5afc60b188428d33790b2fb9e76722ac",
    "packages": [
        {
            "name": "mossadal/math-parser",
            "version": "v1.3.16",
            "source": {
                "type": "git",
                "url": "https://github.com/mossadal/math-parser.git",
                "reference": "981b03ca603fd281049e092d75245ac029e13dec"
            },
            "dist": {
                "type": "zip",
                "url": "https://api.github.com/repos/mossadal/math-parser/zipball/981b03ca603fd281049e092d75245ac029e13dec",
                "reference": "981b03ca603fd281049e092d75245ac029e13dec",
                "shasum": ""
            },
            "require": {
                "php": ">=5.4.0"
            },
            "require-dev": {
                "phpdocumentor/phpdocumentor": "2.*",
                "phpunit/php-code-coverage": "6.0.*",
                "phpunit/phpunit": "7.3.*"
            },
            "type": "library",
            "autoload": {
                "psr-4": {
                    "MathParser\\": "src/MathParser"
                }
            },
            "notification-url": "https://packagist.org/downloads/",
            "license": [
                "LGPL-3.0"
            ],
            "authors": [
                {
                    "name": "Frank Wikström",
                    "email": "frank@mossadal.se",
                    "role": "Developer"
                }
            ],
            "description": "PHP parser for mathematical expressions, including elementary functions, variables and implicit multiplication. Also supports symbolic differentiation.",
            "homepage": "https://github.com/mossadal/math-parser",
            "keywords": [
                "mathematics",
                "parser"
            ],
            "support": {
                "issues": "https://github.com/mossadal/math-parser/issues",
                "source": "https://github.com/mossadal/math-parser/tree/master"
            },
            "time": "2018-09-15T22:20:34+00:00"
        }
    ],
    "packages-dev": [],
    "aliases": [],
    "minimum-stability": "stable",
    "stability-flags": [],
    "prefer-stable": false,
    "prefer-lowest": false,
    "platform": [],
    "platform-dev": [],
    "plugin-api-version": "2.6.0"
}
